
Microsoft Visual Studio Solution File, Format Version 12.00
# Visual Studio 14
VisualStudioVersion = 14.0.24720.0
MinimumVisualStudioVersion = 10.0.40219.1
Project("{FAE04EC0-301F-11D3-BF4B-00C04F79EFBC}") = "BNS_ACT_Plugin", "BNS_ACT_Plugin\BNS_ACT_Plugin.csproj", "{732EDC60-3193-40B1-A4FF-0548B8239789}"
EndProject
Project("{FAE04EC0-301F-11D3-BF4B-00C04F79EFBC}") = "BnS_ACT_Plugin.Test", "BnS_ACT_Plugin.Test\BnS_ACT_Plugin.Test.csproj", "{BFCC86CD-835D-4509-9143-EBC24F3D4C0F}"
EndProject
Global
	GlobalSection(SolutionConfigurationPlatforms) = preSolution
		Debug|Any CPU = Debug|Any CPU
		Release|Any CPU = Release|Any CPU
	EndGlobalSection
	GlobalSection(ProjectConfigurationPlatforms) = postSolution
		{732EDC60-3193-40B1-A4FF-0548B8239789}.Debug|Any CPU.ActiveCfg = Debug|Any CPU
		{732EDC60-3193-40B1-A4FF-0548B8239789}.Debug|Any CPU.Build.0 = Debug|Any CPU
		{732EDC60-3193-40B1-A4FF-0548B8239789}.Release|Any CPU.ActiveCfg = Release|Any CPU
		{732EDC60-3193-40B1-A4FF-0548B8239789}.Release|Any CPU.Build.0 = Release|Any CPU
		{BFCC86CD-835D-4509-9143-EBC24F3D4C0F}.Debug|Any CPU.ActiveCfg = Debug|Any CPU
		{BFCC86CD-835D-4509-9143-EBC24F3D4C0F}.Debug|Any CPU.Build.0 = Debug|Any CPU
		{BFCC86CD-835D-4509-9143-EBC24F3D4C0F}.Release|Any CPU.ActiveCfg = Release|Any CPU
		{BFCC86CD-835D-4509-9143-EBC24F3D4C0F}.Release|Any CPU.Build.0 = Release|Any CPU
	EndGlobalSection
	GlobalSection(SolutionProperties) = preSolution
		HideSolutionNode = FALSE
	EndGlobalSection
EndGlobal
